
Microsoft Visual Studio Solution File, Format Version 12.00
# Visual Studio Version 16
VisualStudioVersion = 16.0.29911.84
MinimumVisualStudioVersion = 10.0.40219.1
Project("{FAE04EC0-301F-11D3-BF4B-00C04F79EFBC}") = "Fluppy Bird", "Fluppy Bird\Fluppy Bird.csproj", "{0602F12E-7DE6-4136-9038-5B4A9D68FA9A}"
EndProject
Global
	GlobalSection(SolutionConfigurationPlatforms) = preSolution
		Debug|Any CPU = Debug|Any CPU
		Release|Any CPU = Release|Any CPU
	EndGlobalSection
	GlobalSection(ProjectConfigurationPlatforms) = postSolution
		{0602F12E-7DE6-4136-9038-5B4A9D68FA9A}.Debug|Any CPU.ActiveCfg = Debug|Any CPU
		{0602F12E-7DE6-4136-9038-5B4A9D68FA9A}.Debug|Any CPU.Build.0 = Debug|Any CPU
		{0602F12E-7DE6-4136-9038-5B4A9D68FA9A}.Release|Any CPU.ActiveCfg = Release|Any CPU
		{0602F12E-7DE6-4136-9038-5B4A9D68FA9A}.Release|Any CPU.Build.0 = Release|Any CPU
	EndGlobalSection
	GlobalSection(SolutionProperties) = preSolution
		HideSolutionNode = FALSE
	EndGlobalSection
	GlobalSection(ExtensibilityGlobals) = postSolution
		SolutionGuid = {5AC8A98E-C61F-4A02-A694-086B734637CE}
	EndGlobalSection
EndGlobal
